<?xml version="1.0" encoding="utf-8"?>
<Project ToolsVersion="4.0" xmlns="http://schemas.microsoft.com/developer/msbuild/2003">
  <ItemGroup>
    <Filter Include="inc">
      <UniqueIdentifier>{743be2bf-a596-4805-b61a-680200a90654}</UniqueIdentifier>
    </Filter>
    <Filter Include="src">
      <UniqueIdentifier>{a8ca8dad-e539-4e85-a09e-ff5954b3e36e}</UniqueIdentifier>
    </Filter>
    <Filter Include="inc\libevpp-sdk">
      <UniqueIdentifier>{555e0c0c-1743-4871-91a0-f8998588fe8e}</UniqueIdentifier>
    </Filter>
    <Filter Include="inc\libevpp-sdk\include">
      <UniqueIdentifier>{075477ed-c60c-431d-8e92-d1a6ab263636}</UniqueIdentifier>
    </Filter>
    <Filter Include="inc\libevpp-sdk\include\event2">
      <UniqueIdentifier>{f05a94a5-8d05-4aca-8979-c5f93a1b82d3}</UniqueIdentifier>
    </Filter>
    <Filter Include="inc\libevpp-sdk\include\evpp">
      <UniqueIdentifier>{6308554e-e756-4e87-ba9b-9e0d9b1497eb}</UniqueIdentifier>
    </Filter>
    <Filter Include="inc\libevpp-sdk\include\glog">
      <UniqueIdentifier>{8365e11b-c564-48ae-bb69-f9945199b605}</UniqueIdentifier>
    </Filter>
    <Filter Include="inc\libevpp-sdk\include\evpp\http">
      <UniqueIdentifier>{6e973c30-0017-4916-9011-06eb6eb8673c}</UniqueIdentifier>
    </Filter>
    <Filter Include="inc\libevpp-sdk\include\evpp\httpc">
      <UniqueIdentifier>{ec8906f1-4e98-489e-a7e2-f7be8b1bcf43}</UniqueIdentifier>
    </Filter>
    <Filter Include="inc\libevpp-sdk\include\evpp\polarssl">
      <UniqueIdentifier>{21bf66d3-58c6-4ef0-9130-e3bc5afe3265}</UniqueIdentifier>
    </Filter>
    <Filter Include="inc\libevpp-sdk\include\evpp\udp">
      <UniqueIdentifier>{9d83d732-509e-45de-80e0-1230e36c62ca}</UniqueIdentifier>
    </Filter>
    <Filter Include="inc\libevpp-sdk\include\evpp\xhttp">
      <UniqueIdentifier>{d80b1617-5916-4f12-adeb-bb4997909d48}</UniqueIdentifier>
    </Filter>
    <Filter Include="inc\3party">
      <UniqueIdentifier>{1aed5fbd-5f61-4640-938c-74517bc50cce}</UniqueIdentifier>
    </Filter>
    <Filter Include="inc\3party\args">
      <UniqueIdentifier>{d7e8deac-ea56-46f6-9840-b211d50fa9e4}</UniqueIdentifier>
    </Filter>
    <Filter Include="inc\3party\effolkronium">
      <UniqueIdentifier>{7bb28d99-ac3c-4b5a-831b-45efdc8fc89b}</UniqueIdentifier>
    </Filter>
    <Filter Include="inc\3party\jsoncpp">
      <UniqueIdentifier>{c320511b-8188-4dd5-aa72-589f68be2b02}</UniqueIdentifier>
    </Filter>
    <Filter Include="inc\3party\jsoncpp\include">
      <UniqueIdentifier>{bd83a82a-a8d4-4462-8e80-ce02e3ceee8e}</UniqueIdentifier>
    </Filter>
    <Filter Include="inc\3party\jsoncpp\include\json">
      <UniqueIdentifier>{72fcde7c-f4e4-46ff-ad3c-a7a5b4ab19bc}</UniqueIdentifier>
    </Filter>
    <Filter Include="inc\3party\jsoncpp\src">
      <UniqueIdentifier>{9ee49bb9-8911-457c-9e3e-27d4bce39e78}</UniqueIdentifier>
    </Filter>
    <Filter Include="inc\3party\jsoncpp\src\lib_json">
      <UniqueIdentifier>{d3d80c52-a878-4852-bdd1-e3e6c26bc0fd}</UniqueIdentifier>
    </Filter>
    <Filter Include="inc\3party\uuid4">
      <UniqueIdentifier>{9796d9e9-80ae-41d1-850d-c2c6ef33e944}</UniqueIdentifier>
    </Filter>
  </ItemGroup>
  <ItemGroup>
    <ClCompile Include="src\App.cpp">
      <Filter>src</Filter>
    </ClCompile>
    <ClCompile Include="..\3party\jsoncpp\src\lib_json\json_reader.cpp">
      <Filter>inc\3party\jsoncpp\src\lib_json</Filter>
    </ClCompile>
    <ClCompile Include="..\3party\jsoncpp\src\lib_json\json_value.cpp">
      <Filter>inc\3party\jsoncpp\src\lib_json</Filter>
    </ClCompile>
    <ClCompile Include="..\3party\jsoncpp\src\lib_json\json_writer.cpp">
      <Filter>inc\3party\jsoncpp\src\lib_json</Filter>
    </ClCompile>
    <ClCompile Include="..\3party\uuid4\uuid4.c">
      <Filter>inc\3party\uuid4</Filter>
    </ClCompile>
  </ItemGroup>
  <ItemGroup>
    <ClInclude Include="..\libevpp-sdk\include\evpp\http\context.h">
      <Filter>inc\libevpp-sdk\include\evpp\http</Filter>
    </ClInclude>
    <ClInclude Include="..\libevpp-sdk\include\evpp\http\http_server.h">
      <Filter>inc\libevpp-sdk\include\evpp\http</Filter>
    </ClInclude>
    <ClInclude Include="..\libevpp-sdk\include\evpp\http\service.h">
      <Filter>inc\libevpp-sdk\include\evpp\http</Filter>
    </ClInclude>
    <ClInclude Include="..\libevpp-sdk\include\evpp\http\stats.h">
      <Filter>inc\libevpp-sdk\include\evpp\http</Filter>
    </ClInclude>
    <ClInclude Include="..\libevpp-sdk\include\evpp\httpc\conn.h">
      <Filter>inc\libevpp-sdk\include\evpp\httpc</Filter>
    </ClInclude>
    <ClInclude Include="..\libevpp-sdk\include\evpp\httpc\conn_pool.h">
      <Filter>inc\libevpp-sdk\include\evpp\httpc</Filter>
    </ClInclude>
    <ClInclude Include="..\libevpp-sdk\include\evpp\httpc\request.h">
      <Filter>inc\libevpp-sdk\include\evpp\httpc</Filter>
    </ClInclude>
    <ClInclude Include="..\libevpp-sdk\include\evpp\httpc\response.h">
      <Filter>inc\libevpp-sdk\include\evpp\httpc</Filter>
    </ClInclude>
    <ClInclude Include="..\libevpp-sdk\include\evpp\httpc\ssl.h">
      <Filter>inc\libevpp-sdk\include\evpp\httpc</Filter>
    </ClInclude>
    <ClInclude Include="..\libevpp-sdk\include\evpp\httpc\url_parser.h">
      <Filter>inc\libevpp-sdk\include\evpp\httpc</Filter>
    </ClInclude>
    <ClInclude Include="..\libevpp-sdk\include\evpp\polarssl\base64.h">
      <Filter>inc\libevpp-sdk\include\evpp\polarssl</Filter>
    </ClInclude>
    <ClInclude Include="..\libevpp-sdk\include\evpp\polarssl\md5.h">
      <Filter>inc\libevpp-sdk\include\evpp\polarssl</Filter>
    </ClInclude>
    <ClInclude Include="..\libevpp-sdk\include\evpp\polarssl\sha1.h">
      <Filter>inc\libevpp-sdk\include\evpp\polarssl</Filter>
    </ClInclude>
    <ClInclude Include="..\libevpp-sdk\include\evpp\udp\sync_udp_client.h">
      <Filter>inc\libevpp-sdk\include\evpp\udp</Filter>
    </ClInclude>
    <ClInclude Include="..\libevpp-sdk\include\evpp\udp\udp_message.h">
      <Filter>inc\libevpp-sdk\include\evpp\udp</Filter>
    </ClInclude>
    <ClInclude Include="..\libevpp-sdk\include\evpp\udp\udp_server.h">
      <Filter>inc\libevpp-sdk\include\evpp\udp</Filter>
    </ClInclude>
    <ClInclude Include="..\libevpp-sdk\include\evpp\xhttp\http_parser.h">
      <Filter>inc\libevpp-sdk\include\evpp\xhttp</Filter>
    </ClInclude>
    <ClInclude Include="..\libevpp-sdk\include\evpp\xhttp\httpconnection.h">
      <Filter>inc\libevpp-sdk\include\evpp\xhttp</Filter>
    </ClInclude>
    <ClInclude Include="..\libevpp-sdk\include\evpp\xhttp\httpparser.h">
      <Filter>inc\libevpp-sdk\include\evpp\xhttp</Filter>
    </ClInclude>
    <ClInclude Include="..\libevpp-sdk\include\evpp\xhttp\httprequest.h">
      <Filter>inc\libevpp-sdk\include\evpp\xhttp</Filter>
    </ClInclude>
    <ClInclude Include="..\libevpp-sdk\include\evpp\xhttp\httpresponse.h">
      <Filter>inc\libevpp-sdk\include\evpp\xhttp</Filter>
    </ClInclude>
    <ClInclude Include="..\libevpp-sdk\include\evpp\xhttp\httpserver.h">
      <Filter>inc\libevpp-sdk\include\evpp\xhttp</Filter>
    </ClInclude>
    <ClInclude Include="..\libevpp-sdk\include\evpp\xhttp\httputil.h">
      <Filter>inc\libevpp-sdk\include\evpp\xhttp</Filter>
    </ClInclude>
    <ClInclude Include="..\libevpp-sdk\include\evpp\xhttp\wsconnection.h">
      <Filter>inc\libevpp-sdk\include\evpp\xhttp</Filter>
    </ClInclude>
    <ClInclude Include="..\libevpp-sdk\include\evpp\xhttp\wsutil.h">
      <Filter>inc\libevpp-sdk\include\evpp\xhttp</Filter>
    </ClInclude>
    <ClInclude Include="..\libevpp-sdk\include\evpp\xhttp\xhttp.h">
      <Filter>inc\libevpp-sdk\include\evpp\xhttp</Filter>
    </ClInclude>
    <ClInclude Include="..\libevpp-sdk\include\evpp\any.h">
      <Filter>inc\libevpp-sdk\include\evpp</Filter>
    </ClInclude>
    <ClInclude Include="..\libevpp-sdk\include\evpp\buffer.h">
      <Filter>inc\libevpp-sdk\include\evpp</Filter>
    </ClInclude>
    <ClInclude Include="..\libevpp-sdk\include\evpp\connector.h">
      <Filter>inc\libevpp-sdk\include\evpp</Filter>
    </ClInclude>
    <ClInclude Include="..\libevpp-sdk\include\evpp\dns_resolver.h">
      <Filter>inc\libevpp-sdk\include\evpp</Filter>
    </ClInclude>
    <ClInclude Include="..\libevpp-sdk\include\evpp\duration.h">
      <Filter>inc\libevpp-sdk\include\evpp</Filter>
    </ClInclude>
    <ClInclude Include="..\libevpp-sdk\include\evpp\duration.inl.h">
      <Filter>inc\libevpp-sdk\include\evpp</Filter>
    </ClInclude>
    <ClInclude Include="..\libevpp-sdk\include\evpp\endian.h">
      <Filter>inc\libevpp-sdk\include\evpp</Filter>
    </ClInclude>
    <ClInclude Include="..\libevpp-sdk\include\evpp\event_loop.h">
      <Filter>inc\libevpp-sdk\include\evpp</Filter>
    </ClInclude>
    <ClInclude Include="..\libevpp-sdk\include\evpp\event_loop_thread.h">
      <Filter>inc\libevpp-sdk\include\evpp</Filter>
    </ClInclude>
    <ClInclude Include="..\libevpp-sdk\include\evpp\event_loop_thread_pool.h">
      <Filter>inc\libevpp-sdk\include\evpp</Filter>
    </ClInclude>
    <ClInclude Include="..\libevpp-sdk\include\evpp\event_watcher.h">
      <Filter>inc\libevpp-sdk\include\evpp</Filter>
    </ClInclude>
    <ClInclude Include="..\libevpp-sdk\include\evpp\fd_channel.h">
      <Filter>inc\libevpp-sdk\include\evpp</Filter>
    </ClInclude>
    <ClInclude Include="..\libevpp-sdk\include\evpp\gettimeofday.h">
      <Filter>inc\libevpp-sdk\include\evpp</Filter>
    </ClInclude>
    <ClInclude Include="..\libevpp-sdk\include\evpp\inner_pre.h">
      <Filter>inc\libevpp-sdk\include\evpp</Filter>
    </ClInclude>
    <ClInclude Include="..\libevpp-sdk\include\evpp\invoke_timer.h">
      <Filter>inc\libevpp-sdk\include\evpp</Filter>
    </ClInclude>
    <ClInclude Include="..\libevpp-sdk\include\evpp\libevent.h">
      <Filter>inc\libevpp-sdk\include\evpp</Filter>
    </ClInclude>
    <ClInclude Include="..\libevpp-sdk\include\evpp\listener.h">
      <Filter>inc\libevpp-sdk\include\evpp</Filter>
    </ClInclude>
    <ClInclude Include="..\libevpp-sdk\include\evpp\logging.h">
      <Filter>inc\libevpp-sdk\include\evpp</Filter>
    </ClInclude>
    <ClInclude Include="..\libevpp-sdk\include\evpp\memmem.h">
      <Filter>inc\libevpp-sdk\include\evpp</Filter>
    </ClInclude>
    <ClInclude Include="..\libevpp-sdk\include\evpp\platform_config.h">
      <Filter>inc\libevpp-sdk\include\evpp</Filter>
    </ClInclude>
    <ClInclude Include="..\libevpp-sdk\include\evpp\server_status.h">
      <Filter>inc\libevpp-sdk\include\evpp</Filter>
    </ClInclude>
    <ClInclude Include="..\libevpp-sdk\include\evpp\slice.h">
      <Filter>inc\libevpp-sdk\include\evpp</Filter>
    </ClInclude>
    <ClInclude Include="..\libevpp-sdk\include\evpp\sockets.h">
      <Filter>inc\libevpp-sdk\include\evpp</Filter>
    </ClInclude>
    <ClInclude Include="..\libevpp-sdk\include\evpp\stringutil.h">
      <Filter>inc\libevpp-sdk\include\evpp</Filter>
    </ClInclude>
    <ClInclude Include="..\libevpp-sdk\include\evpp\sys_addrinfo.h">
      <Filter>inc\libevpp-sdk\include\evpp</Filter>
    </ClInclude>
    <ClInclude Include="..\libevpp-sdk\include\evpp\sys_sockets.h">
      <Filter>inc\libevpp-sdk\include\evpp</Filter>
    </ClInclude>
    <ClInclude Include="..\libevpp-sdk\include\evpp\tcp_callbacks.h">
      <Filter>inc\libevpp-sdk\include\evpp</Filter>
    </ClInclude>
    <ClInclude Include="..\libevpp-sdk\include\evpp\tcp_client.h">
      <Filter>inc\libevpp-sdk\include\evpp</Filter>
    </ClInclude>
    <ClInclude Include="..\libevpp-sdk\include\evpp\tcp_conn.h">
      <Filter>inc\libevpp-sdk\include\evpp</Filter>
    </ClInclude>
    <ClInclude Include="..\libevpp-sdk\include\evpp\tcp_server.h">
      <Filter>inc\libevpp-sdk\include\evpp</Filter>
    </ClInclude>
    <ClInclude Include="..\libevpp-sdk\include\evpp\thread_dispatch_policy.h">
      <Filter>inc\libevpp-sdk\include\evpp</Filter>
    </ClInclude>
    <ClInclude Include="..\libevpp-sdk\include\evpp\timestamp.h">
      <Filter>inc\libevpp-sdk\include\evpp</Filter>
    </ClInclude>
    <ClInclude Include="..\libevpp-sdk\include\evpp\timestamp.inl.h">
      <Filter>inc\libevpp-sdk\include\evpp</Filter>
    </ClInclude>
    <ClInclude Include="..\libevpp-sdk\include\evpp\utility.h">
      <Filter>inc\libevpp-sdk\include\evpp</Filter>
    </ClInclude>
    <ClInclude Include="..\libevpp-sdk\include\evpp\windows_port.h">
      <Filter>inc\libevpp-sdk\include\evpp</Filter>
    </ClInclude>
    <ClInclude Include="..\libevpp-sdk\include\event2\buffer.h">
      <Filter>inc\libevpp-sdk\include\event2</Filter>
    </ClInclude>
    <ClInclude Include="..\libevpp-sdk\include\event2\buffer_compat.h">
      <Filter>inc\libevpp-sdk\include\event2</Filter>
    </ClInclude>
    <ClInclude Include="..\libevpp-sdk\include\event2\bufferevent.h">
      <Filter>inc\libevpp-sdk\include\event2</Filter>
    </ClInclude>
    <ClInclude Include="..\libevpp-sdk\include\event2\bufferevent_compat.h">
      <Filter>inc\libevpp-sdk\include\event2</Filter>
    </ClInclude>
    <ClInclude Include="..\libevpp-sdk\include\event2\bufferevent_ssl.h">
      <Filter>inc\libevpp-sdk\include\event2</Filter>
    </ClInclude>
    <ClInclude Include="..\libevpp-sdk\include\event2\bufferevent_struct.h">
      <Filter>inc\libevpp-sdk\include\event2</Filter>
    </ClInclude>
    <ClInclude Include="..\libevpp-sdk\include\event2\dns.h">
      <Filter>inc\libevpp-sdk\include\event2</Filter>
    </ClInclude>
    <ClInclude Include="..\libevpp-sdk\include\event2\dns_compat.h">
      <Filter>inc\libevpp-sdk\include\event2</Filter>
    </ClInclude>
    <ClInclude Include="..\libevpp-sdk\include\event2\dns_struct.h">
      <Filter>inc\libevpp-sdk\include\event2</Filter>
    </ClInclude>
    <ClInclude Include="..\libevpp-sdk\include\event2\event.h">
      <Filter>inc\libevpp-sdk\include\event2</Filter>
    </ClInclude>
    <ClInclude Include="..\libevpp-sdk\include\event2\event_compat.h">
      <Filter>inc\libevpp-sdk\include\event2</Filter>
    </ClInclude>
    <ClInclude Include="..\libevpp-sdk\include\event2\event_struct.h">
      <Filter>inc\libevpp-sdk\include\event2</Filter>
    </ClInclude>
    <ClInclude Include="..\libevpp-sdk\include\event2\event-config.h">
      <Filter>inc\libevpp-sdk\include\event2</Filter>
    </ClInclude>
    <ClInclude Include="..\libevpp-sdk\include\event2\http.h">
      <Filter>inc\libevpp-sdk\include\event2</Filter>
    </ClInclude>
    <ClInclude Include="..\libevpp-sdk\include\event2\http_compat.h">
      <Filter>inc\libevpp-sdk\include\event2</Filter>
    </ClInclude>
    <ClInclude Include="..\libevpp-sdk\include\event2\http_struct.h">
      <Filter>inc\libevpp-sdk\include\event2</Filter>
    </ClInclude>
    <ClInclude Include="..\libevpp-sdk\include\event2\keyvalq_struct.h">
      <Filter>inc\libevpp-sdk\include\event2</Filter>
    </ClInclude>
    <ClInclude Include="..\libevpp-sdk\include\event2\listener.h">
      <Filter>inc\libevpp-sdk\include\event2</Filter>
    </ClInclude>
    <ClInclude Include="..\libevpp-sdk\include\event2\rpc.h">
      <Filter>inc\libevpp-sdk\include\event2</Filter>
    </ClInclude>
    <ClInclude Include="..\libevpp-sdk\include\event2\rpc_compat.h">
      <Filter>inc\libevpp-sdk\include\event2</Filter>
    </ClInclude>
    <ClInclude Include="..\libevpp-sdk\include\event2\rpc_struct.h">
      <Filter>inc\libevpp-sdk\include\event2</Filter>
    </ClInclude>
    <ClInclude Include="..\libevpp-sdk\include\event2\tag.h">
      <Filter>inc\libevpp-sdk\include\event2</Filter>
    </ClInclude>
    <ClInclude Include="..\libevpp-sdk\include\event2\tag_compat.h">
      <Filter>inc\libevpp-sdk\include\event2</Filter>
    </ClInclude>
    <ClInclude Include="..\libevpp-sdk\include\event2\thread.h">
      <Filter>inc\libevpp-sdk\include\event2</Filter>
    </ClInclude>
    <ClInclude Include="..\libevpp-sdk\include\event2\util.h">
      <Filter>inc\libevpp-sdk\include\event2</Filter>
    </ClInclude>
    <ClInclude Include="..\libevpp-sdk\include\event2\visibility.h">
      <Filter>inc\libevpp-sdk\include\event2</Filter>
    </ClInclude>
    <ClInclude Include="..\libevpp-sdk\include\glog\log_severity.h">
      <Filter>inc\libevpp-sdk\include\glog</Filter>
    </ClInclude>
    <ClInclude Include="..\libevpp-sdk\include\glog\logging.h">
      <Filter>inc\libevpp-sdk\include\glog</Filter>
    </ClInclude>
    <ClInclude Include="..\libevpp-sdk\include\glog\raw_logging.h">
      <Filter>inc\libevpp-sdk\include\glog</Filter>
    </ClInclude>
    <ClInclude Include="..\libevpp-sdk\include\glog\stl_logging.h">
      <Filter>inc\libevpp-sdk\include\glog</Filter>
    </ClInclude>
    <ClInclude Include="..\libevpp-sdk\include\glog\vlog_is_on.h">
      <Filter>inc\libevpp-sdk\include\glog</Filter>
    </ClInclude>
    <ClInclude Include="..\libevpp-sdk\include\evconfig-private.h">
      <Filter>inc\libevpp-sdk\include</Filter>
    </ClInclude>
    <ClInclude Include="..\libevpp-sdk\include\evdns.h">
      <Filter>inc\libevpp-sdk\include</Filter>
    </ClInclude>
    <ClInclude Include="..\libevpp-sdk\include\event.h">
      <Filter>inc\libevpp-sdk\include</Filter>
    </ClInclude>
    <ClInclude Include="..\libevpp-sdk\include\evhttp.h">
      <Filter>inc\libevpp-sdk\include</Filter>
    </ClInclude>
    <ClInclude Include="..\libevpp-sdk\include\evrpc.h">
      <Filter>inc\libevpp-sdk\include</Filter>
    </ClInclude>
    <ClInclude Include="..\libevpp-sdk\include\evutil.h">
      <Filter>inc\libevpp-sdk\include</Filter>
    </ClInclude>
    <ClInclude Include="..\3party\args\args.hxx">
      <Filter>inc\3party\args</Filter>
    </ClInclude>
    <ClInclude Include="src\winmain-inl.h">
      <Filter>src</Filter>
    </ClInclude>
    <ClInclude Include="..\3party\effolkronium\random.hpp">
      <Filter>inc\3party\effolkronium</Filter>
    </ClInclude>
    <ClInclude Include="..\3party\jsoncpp\src\lib_json\json_tool.h">
      <Filter>inc\3party\jsoncpp\src\lib_json</Filter>
    </ClInclude>
    <ClInclude Include="..\3party\jsoncpp\include\json\allocator.h">
      <Filter>inc\3party\jsoncpp\include\json</Filter>
    </ClInclude>
    <ClInclude Include="..\3party\jsoncpp\include\json\assertions.h">
      <Filter>inc\3party\jsoncpp\include\json</Filter>
    </ClInclude>
    <ClInclude Include="..\3party\jsoncpp\include\json\autolink.h">
      <Filter>inc\3party\jsoncpp\include\json</Filter>
    </ClInclude>
    <ClInclude Include="..\3party\jsoncpp\include\json\config.h">
      <Filter>inc\3party\jsoncpp\include\json</Filter>
    </ClInclude>
    <ClInclude Include="..\3party\jsoncpp\include\json\features.h">
      <Filter>inc\3party\jsoncpp\include\json</Filter>
    </ClInclude>
    <ClInclude Include="..\3party\jsoncpp\include\json\forwards.h">
      <Filter>inc\3party\jsoncpp\include\json</Filter>
    </ClInclude>
    <ClInclude Include="..\3party\jsoncpp\include\json\json.h">
      <Filter>inc\3party\jsoncpp\include\json</Filter>
    </ClInclude>
    <ClInclude Include="..\3party\jsoncpp\include\json\reader.h">
      <Filter>inc\3party\jsoncpp\include\json</Filter>
    </ClInclude>
    <ClInclude Include="..\3party\jsoncpp\include\json\value.h">
      <Filter>inc\3party\jsoncpp\include\json</Filter>
    </ClInclude>
    <ClInclude Include="..\3party\jsoncpp\include\json\version.h">
      <Filter>inc\3party\jsoncpp\include\json</Filter>
    </ClInclude>
    <ClInclude Include="..\3party\jsoncpp\include\json\writer.h">
      <Filter>inc\3party\jsoncpp\include\json</Filter>
    </ClInclude>
    <ClInclude Include="..\3party\3partyInc.h">
      <Filter>inc\3party</Filter>
    </ClInclude>
    <ClInclude Include="..\3party\uuid4\uuid4.h">
      <Filter>inc\3party\uuid4</Filter>
    </ClInclude>
  </ItemGroup>
  <ItemGroup>
    <None Include="..\3party\jsoncpp\src\lib_json\json_valueiterator.inl">
      <Filter>inc\3party\jsoncpp\src\lib_json</Filter>
    </None>
  </ItemGroup>
</Project>